{
  "lockfileVersion": 1,
  "configVersion": 0,
  "workspaces": {
    "": {
      "name": "skill_test",
      "devDependencies": {
        "@types/jsdom": "^28.0.0",
        "@types/node": "^25.3.5",
        "@types/turndown": "^5.0.6",
      },
    },
  },
  "packages": {
    "@types/jsdom": ["@types/jsdom@28.0.0", "", { "dependencies": { "@types/node": "*", "@types/tough-cookie": "*", "parse5": "^7.0.0", "undici-types": "^7.21.0" } }, "sha512-A8TBQQC/xAOojy9kM8E46cqT00sF0h7dWjV8t8BJhUi2rG6JRh7XXQo/oLoENuZIQEpXsxLccLCnknyQd7qssQ=="],

    "@types/node": ["@types/node@25.3.5", "", { "dependencies": { "undici-types": "~7.18.0" } }, "sha512-oX8xrhvpiyRCQkG1MFchB09f+cXftgIXb3a7UUa4Y3wpmZPw5tyZGTLWhlESOLq1Rq6oDlc8npVU2/9xiCuXMA=="],

    "@types/tough-cookie": ["@types/tough-cookie@4.0.5", "", {}, "sha512-/Ad8+nIOV7Rl++6f1BdKxFSMgmoqEoYbHRpPcx3JEfv8VRsQe9Z4mCXeJBzxs7mbHY/XOZZuXlRNfhpVPbs6ZA=="],

    "@types/turndown": ["@types/turndown@5.0.6", "", {}, "sha512-ru00MoyeeouE5BX4gRL+6m/BsDfbRayOskWqUvh7CLGW+UXxHQItqALa38kKnOiZPqJrtzJUgAC2+F0rL1S4Pg=="],

    "entities": ["entities@6.0.1", "", {}, "sha512-aN97NXWF6AWBTahfVOIrB/NShkzi5H7F9r1s9mD3cDj4Ko5f2qhhVoYMibXF7GlLveb/D2ioWay8lxI97Ven3g=="],

    "parse5": ["parse5@7.3.0", "", { "dependencies": { "entities": "^6.0.0" } }, "sha512-IInvU7fabl34qmi9gY8XOVxhYyMyuH2xUNpb2q8/Y+7552KlejkRvqvD19nMoUW/uQGGbqNpA6Tufu5FL5BZgw=="],

    "undici-types": ["undici-types@7.22.0", "", {}, "sha512-RKZvifiL60xdsIuC80UY0dq8Z7DbJUV8/l2hOVbyZAxBzEeQU4Z58+4ZzJ6WN2Lidi9KzT5EbiGX+PI/UGYuRw=="],

    "@types/node/undici-types": ["undici-types@7.18.2", "", {}, "sha512-AsuCzffGHJybSaRrmr5eHr81mwJU3kjw6M+uprWvCXiNeN9SOGwQ3Jn8jb8m3Z6izVgknn1R0FTCEAP2QrLY/w=="],
  }
}
